PODS:
  - Nimble (7.0.3)
  - NKOverWrapLogger (0.1.0)
  - Quick (1.2.0)

DEPENDENCIES:
  - Nimble (~> 7.0.2)
  - NKOverWrapLogger (from `../`)
  - Quick (~> 1.2.0)

SPEC REPOS:
  https://github.com/cocoapods/specs.git:
    - Nimble
    - Quick

EXTERNAL SOURCES:
  NKOverWrapLogger:
    :path: "../"

SPEC CHECKSUMS:
  Nimble: 7f5a9c447a33002645a071bddafbfb24ea70e0ac
  NKOverWrapLogger: 58c6a24a478d030e1c68b62fdb6ba6d989aae754
  Quick: 58d203b1c5e27fff7229c4c1ae445ad7069a7a08

PODFILE CHECKSUM: 647ec856547893e7ff2216f1c607b42187a5b5f1

COCOAPODS: 1.5.3
